
Microsoft Visual Studio Solution File, Format Version 12.00
# Visual Studio 15
VisualStudioVersion = 15.0.28307.1259
MinimumVisualStudioVersion = 10.0.40219.1
Project("{8BC9CEB8-8B4A-11D0-8D11-00A0C91BC942}") = "7rdClass_1", "7rdClass_1\7rdClass_1.vcxproj", "{AAA6A131-A38C-427D-8F18-66A2FA8768DC}"
EndProject
Global
	GlobalSection(SolutionConfigurationPlatforms) = preSolution
		Debug|x64 = Debug|x64
		Debug|x86 = Debug|x86
		Release|x64 = Release|x64
		Release|x86 = Release|x86
	EndGlobalSection
	GlobalSection(ProjectConfigurationPlatforms) = postSolution
		{AAA6A131-A38C-427D-8F18-66A2FA8768DC}.Debug|x64.ActiveCfg = Debug|x64
		{AAA6A131-A38C-427D-8F18-66A2FA8768DC}.Debug|x64.Build.0 = Debug|x64
		{AAA6A131-A38C-427D-8F18-66A2FA8768DC}.Debug|x86.ActiveCfg = Debug|Win32
		{AAA6A131-A38C-427D-8F18-66A2FA8768DC}.Debug|x86.Build.0 = Debug|Win32
		{AAA6A131-A38C-427D-8F18-66A2FA8768DC}.Release|x64.ActiveCfg = Release|x64
		{AAA6A131-A38C-427D-8F18-66A2FA8768DC}.Release|x64.Build.0 = Release|x64
		{AAA6A131-A38C-427D-8F18-66A2FA8768DC}.Release|x86.ActiveCfg = Release|Win32
		{AAA6A131-A38C-427D-8F18-66A2FA8768DC}.Release|x86.Build.0 = Release|Win32
	EndGlobalSection
	GlobalSection(SolutionProperties) = preSolution
		HideSolutionNode = FALSE
	EndGlobalSection
	GlobalSection(ExtensibilityGlobals) = postSolution
		SolutionGuid = {B570096C-B542-4C00-A0C9-2FE555678B3D}
	EndGlobalSection
EndGlobal
